
Microsoft Visual Studio Solution File, Format Version 12.00
# Visual Studio 15
VisualStudioVersion = 15.0.27130.2024
MinimumVisualStudioVersion = 10.0.40219.1
Project("{FAE04EC0-301F-11D3-BF4B-00C04F79EFBC}") = "100 to 200", "100 to 200\100 to 200.csproj", "{7049D42E-D490-4434-A3AB-7D3262D4CA85}"
EndProject
Global
	GlobalSection(SolutionConfigurationPlatforms) = preSolution
		Debug|Any CPU = Debug|Any CPU
		Release|Any CPU = Release|Any CPU
	EndGlobalSection
	GlobalSection(ProjectConfigurationPlatforms) = postSolution
		{7049D42E-D490-4434-A3AB-7D3262D4CA85}.Debug|Any CPU.ActiveCfg = Debug|Any CPU
		{7049D42E-D490-4434-A3AB-7D3262D4CA85}.Debug|Any CPU.Build.0 = Debug|Any CPU
		{7049D42E-D490-4434-A3AB-7D3262D4CA85}.Release|Any CPU.ActiveCfg = Release|Any CPU
		{7049D42E-D490-4434-A3AB-7D3262D4CA85}.Release|Any CPU.Build.0 = Release|Any CPU
	EndGlobalSection
	GlobalSection(SolutionProperties) = preSolution
		HideSolutionNode = FALSE
	EndGlobalSection
	GlobalSection(ExtensibilityGlobals) = postSolution
		SolutionGuid = {54DF8AEB-686E-4641-A084-56C5AEAD910F}
	EndGlobalSection
EndGlobal
