
Microsoft Visual Studio Solution File, Format Version 12.00
# Visual Studio 15
VisualStudioVersion = 15.0.27130.2024
MinimumVisualStudioVersion = 10.0.40219.1
Project("{FAE04EC0-301F-11D3-BF4B-00C04F79EFBC}") = "SameWordReader", "SameWordReader\SameWordReader.csproj", "{9901F6D2-B4C4-4A3E-8583-4F81FFD350FF}"
EndProject
Global
	GlobalSection(SolutionConfigurationPlatforms) = preSolution
		Debug|Any CPU = Debug|Any CPU
		Release|Any CPU = Release|Any CPU
	EndGlobalSection
	GlobalSection(ProjectConfigurationPlatforms) = postSolution
		{9901F6D2-B4C4-4A3E-8583-4F81FFD350FF}.Debug|Any CPU.ActiveCfg = Debug|Any CPU
		{9901F6D2-B4C4-4A3E-8583-4F81FFD350FF}.Debug|Any CPU.Build.0 = Debug|Any CPU
		{9901F6D2-B4C4-4A3E-8583-4F81FFD350FF}.Release|Any CPU.ActiveCfg = Release|Any CPU
		{9901F6D2-B4C4-4A3E-8583-4F81FFD350FF}.Release|Any CPU.Build.0 = Release|Any CPU
	EndGlobalSection
	GlobalSection(SolutionProperties) = preSolution
		HideSolutionNode = FALSE
	EndGlobalSection
	GlobalSection(ExtensibilityGlobals) = postSolution
		SolutionGuid = {CCF06CD2-A8C3-4093-AFA2-40F0505C5CEB}
	EndGlobalSection
EndGlobal
