
Microsoft Visual Studio Solution File, Format Version 12.00
# Visual Studio 15
VisualStudioVersion = 15.0.27130.2024
MinimumVisualStudioVersion = 10.0.40219.1
Project("{FAE04EC0-301F-11D3-BF4B-00C04F79EFBC}") = "ToyShop", "ToyShop\ToyShop.csproj", "{2258064D-05D7-44D7-8CD2-4C11F2EB2748}"
EndProject
Global
	GlobalSection(SolutionConfigurationPlatforms) = preSolution
		Debug|Any CPU = Debug|Any CPU
		Release|Any CPU = Release|Any CPU
	EndGlobalSection
	GlobalSection(ProjectConfigurationPlatforms) = postSolution
		{2258064D-05D7-44D7-8CD2-4C11F2EB2748}.Debug|Any CPU.ActiveCfg = Debug|Any CPU
		{2258064D-05D7-44D7-8CD2-4C11F2EB2748}.Debug|Any CPU.Build.0 = Debug|Any CPU
		{2258064D-05D7-44D7-8CD2-4C11F2EB2748}.Release|Any CPU.ActiveCfg = Release|Any CPU
		{2258064D-05D7-44D7-8CD2-4C11F2EB2748}.Release|Any CPU.Build.0 = Release|Any CPU
	EndGlobalSection
	GlobalSection(SolutionProperties) = preSolution
		HideSolutionNode = FALSE
	EndGlobalSection
	GlobalSection(ExtensibilityGlobals) = postSolution
		SolutionGuid = {E84E3338-4AD3-4370-96A1-EF9AF322A3C8}
	EndGlobalSection
EndGlobal
