
Microsoft Visual Studio Solution File, Format Version 12.00
# Visual Studio 15
VisualStudioVersion = 15.0.27130.2024
MinimumVisualStudioVersion = 10.0.40219.1
Project("{FAE04EC0-301F-11D3-BF4B-00C04F79EFBC}") = "AreaOfSquare", "AreaOfSquare\AreaOfSquare.csproj", "{36EC1A54-3BDD-4542-ADA3-F8D00399A51C}"
EndProject
Global
	GlobalSection(SolutionConfigurationPlatforms) = preSolution
		Debug|Any CPU = Debug|Any CPU
		Release|Any CPU = Release|Any CPU
	EndGlobalSection
	GlobalSection(ProjectConfigurationPlatforms) = postSolution
		{36EC1A54-3BDD-4542-ADA3-F8D00399A51C}.Debug|Any CPU.ActiveCfg = Debug|Any CPU
		{36EC1A54-3BDD-4542-ADA3-F8D00399A51C}.Debug|Any CPU.Build.0 = Debug|Any CPU
		{36EC1A54-3BDD-4542-ADA3-F8D00399A51C}.Release|Any CPU.ActiveCfg = Release|Any CPU
		{36EC1A54-3BDD-4542-ADA3-F8D00399A51C}.Release|Any CPU.Build.0 = Release|Any CPU
	EndGlobalSection
	GlobalSection(SolutionProperties) = preSolution
		HideSolutionNode = FALSE
	EndGlobalSection
	GlobalSection(ExtensibilityGlobals) = postSolution
		SolutionGuid = {22388DA0-3A6B-441B-8E2A-976D9944DA4E}
	EndGlobalSection
EndGlobal
