
Microsoft Visual Studio Solution File, Format Version 12.00
# Visual Studio 15
VisualStudioVersion = 15.0.28010.2048
MinimumVisualStudioVersion = 10.0.40219.1
Project("{FAE04EC0-301F-11D3-BF4B-00C04F79EFBC}") = "UmnichkataMiLiliTq", "UmnichkataMiLiliTq\UmnichkataMiLiliTq.csproj", "{6A60851A-EFEA-453D-A818-8937C3E0F785}"
EndProject
Global
	GlobalSection(SolutionConfigurationPlatforms) = preSolution
		Debug|Any CPU = Debug|Any CPU
		Release|Any CPU = Release|Any CPU
	EndGlobalSection
	GlobalSection(ProjectConfigurationPlatforms) = postSolution
		{6A60851A-EFEA-453D-A818-8937C3E0F785}.Debug|Any CPU.ActiveCfg = Debug|Any CPU
		{6A60851A-EFEA-453D-A818-8937C3E0F785}.Debug|Any CPU.Build.0 = Debug|Any CPU
		{6A60851A-EFEA-453D-A818-8937C3E0F785}.Release|Any CPU.ActiveCfg = Release|Any CPU
		{6A60851A-EFEA-453D-A818-8937C3E0F785}.Release|Any CPU.Build.0 = Release|Any CPU
	EndGlobalSection
	GlobalSection(SolutionProperties) = preSolution
		HideSolutionNode = FALSE
	EndGlobalSection
	GlobalSection(ExtensibilityGlobals) = postSolution
		SolutionGuid = {EE738A0D-33F6-4499-8B3C-B1BACBAEF6D5}
	EndGlobalSection
EndGlobal
