
Microsoft Visual Studio Solution File, Format Version 12.00
# Visual Studio 15
VisualStudioVersion = 15.0.27130.2024
MinimumVisualStudioVersion = 10.0.40219.1
Project("{FAE04EC0-301F-11D3-BF4B-00C04F79EFBC}") = "CityComissions", "CityComissions\CityComissions.csproj", "{2F298CE3-00C4-4E95-8D28-0D8D33A695E4}"
EndProject
Global
	GlobalSection(SolutionConfigurationPlatforms) = preSolution
		Debug|Any CPU = Debug|Any CPU
		Release|Any CPU = Release|Any CPU
	EndGlobalSection
	GlobalSection(ProjectConfigurationPlatforms) = postSolution
		{2F298CE3-00C4-4E95-8D28-0D8D33A695E4}.Debug|Any CPU.ActiveCfg = Debug|Any CPU
		{2F298CE3-00C4-4E95-8D28-0D8D33A695E4}.Debug|Any CPU.Build.0 = Debug|Any CPU
		{2F298CE3-00C4-4E95-8D28-0D8D33A695E4}.Release|Any CPU.ActiveCfg = Release|Any CPU
		{2F298CE3-00C4-4E95-8D28-0D8D33A695E4}.Release|Any CPU.Build.0 = Release|Any CPU
	EndGlobalSection
	GlobalSection(SolutionProperties) = preSolution
		HideSolutionNode = FALSE
	EndGlobalSection
	GlobalSection(ExtensibilityGlobals) = postSolution
		SolutionGuid = {E8946D30-B1AD-4746-BE13-9BFCF7A164A4}
	EndGlobalSection
EndGlobal
