
Microsoft Visual Studio Solution File, Format Version 12.00
# Visual Studio 15
VisualStudioVersion = 15.0.27130.2024
MinimumVisualStudioVersion = 10.0.40219.1
Project("{FAE04EC0-301F-11D3-BF4B-00C04F79EFBC}") = "1 to 9", "1 to 9\1 to 9.csproj", "{19A441F1-CBB3-406C-87BC-F4841D919609}"
EndProject
Global
	GlobalSection(SolutionConfigurationPlatforms) = preSolution
		Debug|Any CPU = Debug|Any CPU
		Release|Any CPU = Release|Any CPU
	EndGlobalSection
	GlobalSection(ProjectConfigurationPlatforms) = postSolution
		{19A441F1-CBB3-406C-87BC-F4841D919609}.Debug|Any CPU.ActiveCfg = Debug|Any CPU
		{19A441F1-CBB3-406C-87BC-F4841D919609}.Debug|Any CPU.Build.0 = Debug|Any CPU
		{19A441F1-CBB3-406C-87BC-F4841D919609}.Release|Any CPU.ActiveCfg = Release|Any CPU
		{19A441F1-CBB3-406C-87BC-F4841D919609}.Release|Any CPU.Build.0 = Release|Any CPU
	EndGlobalSection
	GlobalSection(SolutionProperties) = preSolution
		HideSolutionNode = FALSE
	EndGlobalSection
	GlobalSection(ExtensibilityGlobals) = postSolution
		SolutionGuid = {867B893B-31E5-41AA-BF52-083862A64870}
	EndGlobalSection
EndGlobal
