
Microsoft Visual Studio Solution File, Format Version 12.00
# Visual Studio 15
VisualStudioVersion = 15.0.28010.2048
MinimumVisualStudioVersion = 10.0.40219.1
Project("{FAE04EC0-301F-11D3-BF4B-00C04F79EFBC}") = "Left1`nRightSum", "Left1`nRightSum\Left1`nRightSum.csproj", "{984D4732-822E-41CB-81C6-6C48F9C25D52}"
EndProject
Global
	GlobalSection(SolutionConfigurationPlatforms) = preSolution
		Debug|Any CPU = Debug|Any CPU
		Release|Any CPU = Release|Any CPU
	EndGlobalSection
	GlobalSection(ProjectConfigurationPlatforms) = postSolution
		{984D4732-822E-41CB-81C6-6C48F9C25D52}.Debug|Any CPU.ActiveCfg = Debug|Any CPU
		{984D4732-822E-41CB-81C6-6C48F9C25D52}.Debug|Any CPU.Build.0 = Debug|Any CPU
		{984D4732-822E-41CB-81C6-6C48F9C25D52}.Release|Any CPU.ActiveCfg = Release|Any CPU
		{984D4732-822E-41CB-81C6-6C48F9C25D52}.Release|Any CPU.Build.0 = Release|Any CPU
	EndGlobalSection
	GlobalSection(SolutionProperties) = preSolution
		HideSolutionNode = FALSE
	EndGlobalSection
	GlobalSection(ExtensibilityGlobals) = postSolution
		SolutionGuid = {2224F9AB-AC69-47D1-83B2-DC4260F28E28}
	EndGlobalSection
EndGlobal
