
Microsoft Visual Studio Solution File, Format Version 12.00
# Visual Studio 15
VisualStudioVersion = 15.0.27130.2024
MinimumVisualStudioVersion = 10.0.40219.1
Project("{FAE04EC0-301F-11D3-BF4B-00C04F79EFBC}") = "Fruit or vegetable", "Fruit or vegetable\Fruit or vegetable.csproj", "{7F34F428-3065-4A6C-A298-68306EBA5C3B}"
EndProject
Global
	GlobalSection(SolutionConfigurationPlatforms) = preSolution
		Debug|Any CPU = Debug|Any CPU
		Release|Any CPU = Release|Any CPU
	EndGlobalSection
	GlobalSection(ProjectConfigurationPlatforms) = postSolution
		{7F34F428-3065-4A6C-A298-68306EBA5C3B}.Debug|Any CPU.ActiveCfg = Debug|Any CPU
		{7F34F428-3065-4A6C-A298-68306EBA5C3B}.Debug|Any CPU.Build.0 = Debug|Any CPU
		{7F34F428-3065-4A6C-A298-68306EBA5C3B}.Release|Any CPU.ActiveCfg = Release|Any CPU
		{7F34F428-3065-4A6C-A298-68306EBA5C3B}.Release|Any CPU.Build.0 = Release|Any CPU
	EndGlobalSection
	GlobalSection(SolutionProperties) = preSolution
		HideSolutionNode = FALSE
	EndGlobalSection
	GlobalSection(ExtensibilityGlobals) = postSolution
		SolutionGuid = {A54E95FE-46FB-4318-A6C1-D9186335E339}
	EndGlobalSection
EndGlobal
