
Microsoft Visual Studio Solution File, Format Version 12.00
# Visual Studio 15
VisualStudioVersion = 15.0.28010.2048
MinimumVisualStudioVersion = 10.0.40219.1
Project("{FAE04EC0-301F-11D3-BF4B-00C04F79EFBC}") = "IdenticalDuos", "IdenticalDuos\IdenticalDuos.csproj", "{62E56693-B496-440B-B5C8-E2C17EC64C0D}"
EndProject
Global
	GlobalSection(SolutionConfigurationPlatforms) = preSolution
		Debug|Any CPU = Debug|Any CPU
		Release|Any CPU = Release|Any CPU
	EndGlobalSection
	GlobalSection(ProjectConfigurationPlatforms) = postSolution
		{62E56693-B496-440B-B5C8-E2C17EC64C0D}.Debug|Any CPU.ActiveCfg = Debug|Any CPU
		{62E56693-B496-440B-B5C8-E2C17EC64C0D}.Debug|Any CPU.Build.0 = Debug|Any CPU
		{62E56693-B496-440B-B5C8-E2C17EC64C0D}.Release|Any CPU.ActiveCfg = Release|Any CPU
		{62E56693-B496-440B-B5C8-E2C17EC64C0D}.Release|Any CPU.Build.0 = Release|Any CPU
	EndGlobalSection
	GlobalSection(SolutionProperties) = preSolution
		HideSolutionNode = FALSE
	EndGlobalSection
	GlobalSection(ExtensibilityGlobals) = postSolution
		SolutionGuid = {602C9C4C-553F-4D9F-9D89-40B097C6BC8F}
	EndGlobalSection
EndGlobal
