
Microsoft Visual Studio Solution File, Format Version 12.00
# Visual Studio 15
VisualStudioVersion = 15.0.28010.2048
MinimumVisualStudioVersion = 10.0.40219.1
Project("{FAE04EC0-301F-11D3-BF4B-00C04F79EFBC}") = "Name wars", "Name wars\Name wars.csproj", "{D156D776-74A8-454A-B91F-0977A65C1650}"
EndProject
Global
	GlobalSection(SolutionConfigurationPlatforms) = preSolution
		Debug|Any CPU = Debug|Any CPU
		Release|Any CPU = Release|Any CPU
	EndGlobalSection
	GlobalSection(ProjectConfigurationPlatforms) = postSolution
		{D156D776-74A8-454A-B91F-0977A65C1650}.Debug|Any CPU.ActiveCfg = Debug|Any CPU
		{D156D776-74A8-454A-B91F-0977A65C1650}.Debug|Any CPU.Build.0 = Debug|Any CPU
		{D156D776-74A8-454A-B91F-0977A65C1650}.Release|Any CPU.ActiveCfg = Release|Any CPU
		{D156D776-74A8-454A-B91F-0977A65C1650}.Release|Any CPU.Build.0 = Release|Any CPU
	EndGlobalSection
	GlobalSection(SolutionProperties) = preSolution
		HideSolutionNode = FALSE
	EndGlobalSection
	GlobalSection(ExtensibilityGlobals) = postSolution
		SolutionGuid = {28144153-CA83-456B-A195-07733D3BB1CA}
	EndGlobalSection
EndGlobal
