
Microsoft Visual Studio Solution File, Format Version 12.00
# Visual Studio 15
VisualStudioVersion = 15.0.27130.2024
MinimumVisualStudioVersion = 10.0.40219.1
Project("{FAE04EC0-301F-11D3-BF4B-00C04F79EFBC}") = "GeometryFigures", "GeometryFigures\GeometryFigures.csproj", "{C2788DA6-08CC-406A-9119-A6970E0C958F}"
EndProject
Global
	GlobalSection(SolutionConfigurationPlatforms) = preSolution
		Debug|Any CPU = Debug|Any CPU
		Release|Any CPU = Release|Any CPU
	EndGlobalSection
	GlobalSection(ProjectConfigurationPlatforms) = postSolution
		{C2788DA6-08CC-406A-9119-A6970E0C958F}.Debug|Any CPU.ActiveCfg = Debug|Any CPU
		{C2788DA6-08CC-406A-9119-A6970E0C958F}.Debug|Any CPU.Build.0 = Debug|Any CPU
		{C2788DA6-08CC-406A-9119-A6970E0C958F}.Release|Any CPU.ActiveCfg = Release|Any CPU
		{C2788DA6-08CC-406A-9119-A6970E0C958F}.Release|Any CPU.Build.0 = Release|Any CPU
	EndGlobalSection
	GlobalSection(SolutionProperties) = preSolution
		HideSolutionNode = FALSE
	EndGlobalSection
	GlobalSection(ExtensibilityGlobals) = postSolution
		SolutionGuid = {4C2112F1-9E3A-4EE2-88D4-EBAC3E914869}
	EndGlobalSection
EndGlobal
