
Microsoft Visual Studio Solution File, Format Version 12.00
# Visual Studio 15
VisualStudioVersion = 15.0.28010.2048
MinimumVisualStudioVersion = 10.0.40219.1
Project("{FAE04EC0-301F-11D3-BF4B-00C04F79EFBC}") = "Cipher", "Cipher\Cipher.csproj", "{D800EEF0-8C27-4EC7-B281-0EFB369CCBCF}"
EndProject
Project("{FAE04EC0-301F-11D3-BF4B-00C04F79EFBC}") = "Cipher v.2.0", "Cipher v.2.0\Cipher v.2.0.csproj", "{CD5E3083-1011-4354-933E-E4D5742B9815}"
EndProject
Global
	GlobalSection(SolutionConfigurationPlatforms) = preSolution
		Debug|Any CPU = Debug|Any CPU
		Release|Any CPU = Release|Any CPU
	EndGlobalSection
	GlobalSection(ProjectConfigurationPlatforms) = postSolution
		{D800EEF0-8C27-4EC7-B281-0EFB369CCBCF}.Debug|Any CPU.ActiveCfg = Debug|Any CPU
		{D800EEF0-8C27-4EC7-B281-0EFB369CCBCF}.Debug|Any CPU.Build.0 = Debug|Any CPU
		{D800EEF0-8C27-4EC7-B281-0EFB369CCBCF}.Release|Any CPU.ActiveCfg = Release|Any CPU
		{D800EEF0-8C27-4EC7-B281-0EFB369CCBCF}.Release|Any CPU.Build.0 = Release|Any CPU
		{CD5E3083-1011-4354-933E-E4D5742B9815}.Debug|Any CPU.ActiveCfg = Debug|Any CPU
		{CD5E3083-1011-4354-933E-E4D5742B9815}.Debug|Any CPU.Build.0 = Debug|Any CPU
		{CD5E3083-1011-4354-933E-E4D5742B9815}.Release|Any CPU.ActiveCfg = Release|Any CPU
		{CD5E3083-1011-4354-933E-E4D5742B9815}.Release|Any CPU.Build.0 = Release|Any CPU
	EndGlobalSection
	GlobalSection(SolutionProperties) = preSolution
		HideSolutionNode = FALSE
	EndGlobalSection
	GlobalSection(ExtensibilityGlobals) = postSolution
		SolutionGuid = {D19A8D08-1F6F-41A7-B221-EE2050612467}
	EndGlobalSection
EndGlobal
