
Microsoft Visual Studio Solution File, Format Version 12.00
# Visual Studio 15
VisualStudioVersion = 15.0.28010.2048
MinimumVisualStudioVersion = 10.0.40219.1
Project("{FAE04EC0-301F-11D3-BF4B-00C04F79EFBC}") = "Even or Odd Sum", "Even or Odd Sum\Even or Odd Sum.csproj", "{BA2F5DA7-2E58-4B59-AA9E-817936156B99}"
EndProject
Global
	GlobalSection(SolutionConfigurationPlatforms) = preSolution
		Debug|Any CPU = Debug|Any CPU
		Release|Any CPU = Release|Any CPU
	EndGlobalSection
	GlobalSection(ProjectConfigurationPlatforms) = postSolution
		{BA2F5DA7-2E58-4B59-AA9E-817936156B99}.Debug|Any CPU.ActiveCfg = Debug|Any CPU
		{BA2F5DA7-2E58-4B59-AA9E-817936156B99}.Debug|Any CPU.Build.0 = Debug|Any CPU
		{BA2F5DA7-2E58-4B59-AA9E-817936156B99}.Release|Any CPU.ActiveCfg = Release|Any CPU
		{BA2F5DA7-2E58-4B59-AA9E-817936156B99}.Release|Any CPU.Build.0 = Release|Any CPU
	EndGlobalSection
	GlobalSection(SolutionProperties) = preSolution
		HideSolutionNode = FALSE
	EndGlobalSection
	GlobalSection(ExtensibilityGlobals) = postSolution
		SolutionGuid = {5FCFE1AE-5860-40B1-B6B8-4E89EB759D85}
	EndGlobalSection
EndGlobal
