
Microsoft Visual Studio Solution File, Format Version 12.00
# Visual Studio 15
VisualStudioVersion = 15.0.27130.2024
MinimumVisualStudioVersion = 10.0.40219.1
Project("{FAE04EC0-301F-11D3-BF4B-00C04F79EFBC}") = "FruitShop", "FruitShop\FruitShop.csproj", "{EB054D76-D0EB-4079-A8D2-AE91A388A99D}"
EndProject
Global
	GlobalSection(SolutionConfigurationPlatforms) = preSolution
		Debug|Any CPU = Debug|Any CPU
		Release|Any CPU = Release|Any CPU
	EndGlobalSection
	GlobalSection(ProjectConfigurationPlatforms) = postSolution
		{EB054D76-D0EB-4079-A8D2-AE91A388A99D}.Debug|Any CPU.ActiveCfg = Debug|Any CPU
		{EB054D76-D0EB-4079-A8D2-AE91A388A99D}.Debug|Any CPU.Build.0 = Debug|Any CPU
		{EB054D76-D0EB-4079-A8D2-AE91A388A99D}.Release|Any CPU.ActiveCfg = Release|Any CPU
		{EB054D76-D0EB-4079-A8D2-AE91A388A99D}.Release|Any CPU.Build.0 = Release|Any CPU
	EndGlobalSection
	GlobalSection(SolutionProperties) = preSolution
		HideSolutionNode = FALSE
	EndGlobalSection
	GlobalSection(ExtensibilityGlobals) = postSolution
		SolutionGuid = {3F9CDC21-1DCC-44F7-A1BA-8E03208EDB9B}
	EndGlobalSection
EndGlobal
