
Microsoft Visual Studio Solution File, Format Version 12.00
# Visual Studio 15
VisualStudioVersion = 15.0.28010.2048
MinimumVisualStudioVersion = 10.0.40219.1
Project("{FAE04EC0-301F-11D3-BF4B-00C04F79EFBC}") = "Sum of Numbers", "Sum of Numbers\Sum of Numbers.csproj", "{6FB63D7D-FEA7-423D-859C-FFD30D00A316}"
EndProject
Global
	GlobalSection(SolutionConfigurationPlatforms) = preSolution
		Debug|Any CPU = Debug|Any CPU
		Release|Any CPU = Release|Any CPU
	EndGlobalSection
	GlobalSection(ProjectConfigurationPlatforms) = postSolution
		{6FB63D7D-FEA7-423D-859C-FFD30D00A316}.Debug|Any CPU.ActiveCfg = Debug|Any CPU
		{6FB63D7D-FEA7-423D-859C-FFD30D00A316}.Debug|Any CPU.Build.0 = Debug|Any CPU
		{6FB63D7D-FEA7-423D-859C-FFD30D00A316}.Release|Any CPU.ActiveCfg = Release|Any CPU
		{6FB63D7D-FEA7-423D-859C-FFD30D00A316}.Release|Any CPU.Build.0 = Release|Any CPU
	EndGlobalSection
	GlobalSection(SolutionProperties) = preSolution
		HideSolutionNode = FALSE
	EndGlobalSection
	GlobalSection(ExtensibilityGlobals) = postSolution
		SolutionGuid = {27BDE110-3AE6-4666-BBAE-7BFC1BB0ACA1}
	EndGlobalSection
EndGlobal
